
Microsoft Visual Studio Solution File, Format Version 12.00
# Visual Studio Version 17
VisualStudioVersion = 17.3.32819.101
MinimumVisualStudioVersion = 10.0.40219.1
Project("{FAE04EC0-301F-11D3-BF4B-00C04F79EFBC}") = "EdadLegal", "EdadLegal.csproj", "{6C7BAA06-4376-4D69-9AAF-1213702B1738}"
EndProject
Global
	GlobalSection(SolutionConfigurationPlatforms) = preSolution
		Debug|Any CPU = Debug|Any CPU
		Release|Any CPU = Release|Any CPU
	EndGlobalSection
	GlobalSection(ProjectConfigurationPlatforms) = postSolution
		{6C7BAA06-4376-4D69-9AAF-1213702B1738}.Debug|Any CPU.ActiveCfg = Debug|Any CPU
		{6C7BAA06-4376-4D69-9AAF-1213702B1738}.Debug|Any CPU.Build.0 = Debug|Any CPU
		{6C7BAA06-4376-4D69-9AAF-1213702B1738}.Release|Any CPU.ActiveCfg = Release|Any CPU
		{6C7BAA06-4376-4D69-9AAF-1213702B1738}.Release|Any CPU.Build.0 = Release|Any CPU
	EndGlobalSection
	GlobalSection(SolutionProperties) = preSolution
		HideSolutionNode = FALSE
	EndGlobalSection
	GlobalSection(ExtensibilityGlobals) = postSolution
		SolutionGuid = {853B25A2-C673-4276-8D45-D2151B97A990}
	EndGlobalSection
EndGlobal
