
Microsoft Visual Studio Solution File, Format Version 12.00
# Visual Studio Version 17
VisualStudioVersion = 17.3.32819.101
MinimumVisualStudioVersion = 10.0.40219.1
Project("{FAE04EC0-301F-11D3-BF4B-00C04F79EFBC}") = "Valoraciones", "Valoraciones.csproj", "{FCC9A57B-9E77-4BBC-8EBD-75C0515DA447}"
EndProject
Global
	GlobalSection(SolutionConfigurationPlatforms) = preSolution
		Debug|Any CPU = Debug|Any CPU
		Release|Any CPU = Release|Any CPU
	EndGlobalSection
	GlobalSection(ProjectConfigurationPlatforms) = postSolution
		{FCC9A57B-9E77-4BBC-8EBD-75C0515DA447}.Debug|Any CPU.ActiveCfg = Debug|Any CPU
		{FCC9A57B-9E77-4BBC-8EBD-75C0515DA447}.Debug|Any CPU.Build.0 = Debug|Any CPU
		{FCC9A57B-9E77-4BBC-8EBD-75C0515DA447}.Release|Any CPU.ActiveCfg = Release|Any CPU
		{FCC9A57B-9E77-4BBC-8EBD-75C0515DA447}.Release|Any CPU.Build.0 = Release|Any CPU
	EndGlobalSection
	GlobalSection(SolutionProperties) = preSolution
		HideSolutionNode = FALSE
	EndGlobalSection
	GlobalSection(ExtensibilityGlobals) = postSolution
		SolutionGuid = {F8F3C4BB-4B9E-4A93-92AC-FD35E3A7CD7F}
	EndGlobalSection
EndGlobal
