
Microsoft Visual Studio Solution File, Format Version 12.00
# Visual Studio Version 17
VisualStudioVersion = 17.3.32819.101
MinimumVisualStudioVersion = 10.0.40219.1
Project("{FAE04EC0-301F-11D3-BF4B-00C04F79EFBC}") = "Saludo", "Saludo.csproj", "{B9BF0508-63A6-4BAB-875C-0824287B6DE0}"
EndProject
Global
	GlobalSection(SolutionConfigurationPlatforms) = preSolution
		Debug|Any CPU = Debug|Any CPU
		Release|Any CPU = Release|Any CPU
	EndGlobalSection
	GlobalSection(ProjectConfigurationPlatforms) = postSolution
		{B9BF0508-63A6-4BAB-875C-0824287B6DE0}.Debug|Any CPU.ActiveCfg = Debug|Any CPU
		{B9BF0508-63A6-4BAB-875C-0824287B6DE0}.Debug|Any CPU.Build.0 = Debug|Any CPU
		{B9BF0508-63A6-4BAB-875C-0824287B6DE0}.Release|Any CPU.ActiveCfg = Release|Any CPU
		{B9BF0508-63A6-4BAB-875C-0824287B6DE0}.Release|Any CPU.Build.0 = Release|Any CPU
	EndGlobalSection
	GlobalSection(SolutionProperties) = preSolution
		HideSolutionNode = FALSE
	EndGlobalSection
	GlobalSection(ExtensibilityGlobals) = postSolution
		SolutionGuid = {67407014-E760-4AED-B146-77FE67DF1D82}
	EndGlobalSection
EndGlobal
